
Microsoft Visual Studio Solution File, Format Version 12.00
# Visual Studio 15
VisualStudioVersion = 15.0.28010.2026
MinimumVisualStudioVersion = 10.0.40219.1
Project("{FAE04EC0-301F-11D3-BF4B-00C04F79EFBC}") = "ConfigurationDemo", "ConfigurationDemo\ConfigurationDemo.csproj", "{4AF13872-5095-40A7-AA46-38524841A4D0}"
EndProject
Global
	GlobalSection(SolutionConfigurationPlatforms) = preSolution
		Debug|Any CPU = Debug|Any CPU
		Release|Any CPU = Release|Any CPU
	EndGlobalSection
	GlobalSection(ProjectConfigurationPlatforms) = postSolution
		{4AF13872-5095-40A7-AA46-38524841A4D0}.Debug|Any CPU.ActiveCfg = Debug|Any CPU
		{4AF13872-5095-40A7-AA46-38524841A4D0}.Debug|Any CPU.Build.0 = Debug|Any CPU
		{4AF13872-5095-40A7-AA46-38524841A4D0}.Release|Any CPU.ActiveCfg = Release|Any CPU
		{4AF13872-5095-40A7-AA46-38524841A4D0}.Release|Any CPU.Build.0 = Release|Any CPU
	EndGlobalSection
	GlobalSection(SolutionProperties) = preSolution
		HideSolutionNode = FALSE
	EndGlobalSection
	GlobalSection(ExtensibilityGlobals) = postSolution
		SolutionGuid = {1FEE3A18-7B75-4301-B61A-30CECCC31D67}
	EndGlobalSection
EndGlobal
